// !$*UTF8*$!
{
	archiveVersion = 1;
	classes = {
	};
	objectVersion = 46;
	objects = {

/* Begin PBXBuildFile section */
		BD29920F1D158794005E1E7E /* AppDelegate.swift in Sources */ = {isa = PBXBuildFile; fileRef = BD29920E1D158794005E1E7E /* AppDelegate.swift */; };
		BD2992111D158794005E1E7E /* ViewController.swift in Sources */ = {isa = PBXBuildFile; fileRef = BD2992101D158794005E1E7E /* ViewController.swift */; };
		BD2992141D158794005E1E7E /* Main.storyboard in Resources */ = {isa = PBXBuildFile; fileRef = BD2992121D158794005E1E7E /* Main.storyboard */; };
		BD2992161D158794005E1E7E /* Assets.xcassets in Resources */ = {isa = PBXBuildFile; fileRef = BD2992151D158794005E1E7E /* Assets.xcassets */; };
		BD2992191D158794005E1E7E /* LaunchScreen.storyboard in Resources */ = {isa = PBXBuildFile; fileRef = BD2992171D158794005E1E7E /* LaunchScreen.storyboard */; };
/* End PBXBuildFile section */

/* Begin PBXFileReference section */
		BD29920B1D158794005E1E7E /* BackgroundFetcher.app */ = {isa = PBXFileReference; explicitFileType = wrapper.application; includeInIndex = 0; path = BackgroundFetcher.app; sourceTree = BUILT_PRODUCTS_DIR; };
		BD29920E1D158794005E1E7E /* AppDelegate.swift */ = {isa = PBXFileReference; lastKnownFileType = sourcecode.swift; path = AppDelegate.swift; sourceTree = "<group>"; };
		BD2992101D158794005E1E7E /* ViewController.swift */ = {isa = PBXFileReference; lastKnownFileType = sourcecode.swift; path = ViewController.swift; sourceTree = "<group>"; };
		BD2992131D158794005E1E7E /* Base */ = {isa = PBXFileReference; lastKnownFileType = file.storyboard; name = Base; path = Base.lproj/Main.storyboard; sourceTree = "<group>"; };
		BD2992151D158794005E1E7E /* Assets.xcassets */ = {isa = PBXFileReference; lastKnownFileType = folder.assetcatalog; path = Assets.xcassets; sourceTree = "<group>"; };
		BD2992181D158794005E1E7E /* Base */ = {isa = PBXFileReference; lastKnownFileType = file.storyboard; name = Base; path = Base.lproj/LaunchScreen.storyboard; sourceTree = "<group>"; };
		BD29921A1D158794005E1E7E /* Info.plist */ = {isa = PBXFileReference; lastKnownFileType = text.plist.xml; path = Info.plist; sourceTree = "<group>"; };
/* End PBXFileReference section */

/* Begin PBXFrameworksBuildPhase section */
		BD2992081D158794005E1E7E /* Frameworks */ = {
			isa = PBXFrameworksBuildPhase;
			buildActionMask = 2147483647;
			files = (
			);
			runOnlyForDeploymentPostprocessing = 0;
		};
/* End PBXFrameworksBuildPhase section */

/* Begin PBXGroup section */
		BD2992021D158794005E1E7E = {
			isa = PBXGroup;
			children = (
				BD29920D1D158794005E1E7E /* BackgroundFetcher */,
				BD29920C1D158794005E1E7E /* Products */,
			);
			sourceTree = "<group>";
		};
		BD29920C1D158794005E1E7E /* Products */ = {
			isa = PBXGroup;
			children = (
				BD29920B1D158794005E1E7E /* BackgroundFetcher.app */,
			);
			name = Products;
			sourceTree = "<group>";
		};
		BD29920D1D158794005E1E7E /* BackgroundFetcher */ = {
			isa = PBXGroup;
			children = (
				BD29920E1D158794005E1E7E /* AppDelegate.swift */,
				BD2992101D158794005E1E7E /* ViewController.swift */,
				BD2992121D158794005E1E7E /* Main.storyboard */,
				BD2992151D158794005E1E7E /* Assets.xcassets */,
				BD2992171D158794005E1E7E /* LaunchScreen.storyboard */,
				BD29921A1D158794005E1E7E /* Info.plist */,
			);
			path = BackgroundFetcher;
			sourceTree = "<group>";
		};
/* End PBXGroup section */

/* Begin PBXNativeTarget section */
		BD29920A1D158794005E1E7E /* BackgroundFetcher */ = {
			isa = PBXNativeTarget;
			buildConfigurationList = BD29921D1D158794005E1E7E /* Build configuration list for PBXNativeTarget "BackgroundFetcher" */;
			buildPhases = (
				BD2992071D158794005E1E7E /* Sources */,
				BD2992081D158794005E1E7E /* Frameworks */,
				BD2992091D158794005E1E7E /* Resources */,
			);
			buildRules = (
			);
			dependencies = (
			);
			name = BackgroundFetcher;
			productName = BackgroundFetcher;
			productReference = BD29920B1D158794005E1E7E /* BackgroundFetcher.app */;
			productType = "com.apple.product-type.application";
		};
/* End PBXNativeTarget section */

/* Begin PBXProject section */
		BD2992031D158794005E1E7E /* Project object */ = {
			isa = PBXProject;
			attributes = {
				LastSwiftUpdateCheck = 0730;
				LastUpgradeCheck = 0730;
				ORGANIZATIONNAME = "佐藤 康次";
				TargetAttributes = {
					BD29920A1D158794005E1E7E = {
						CreatedOnToolsVersion = 7.3.1;
					};
				};
			};
			buildConfigurationList = BD2992061D158794005E1E7E /* Build configuration list for PBXProject "BackgroundFetcher" */;
			compatibilityVersion = "Xcode 3.2";
			developmentRegion = English;
			hasScannedForEncodings = 0;
			knownRegions = (
				en,
				Base,
			);
			mainGroup = BD2992021D158794005E1E7E;
			productRefGroup = BD29920C1D158794005E1E7E /* Products */;
			projectDirPath = "";
			projectRoot = "";
			targets = (
				BD29920A1D158794005E1E7E /* BackgroundFetcher */,
			);
		};
/* End PBXProject section */

/* Begin PBXResourcesBuildPhase section */
		BD2992091D158794005E1E7E /* Resources */ = {
			isa = PBXResourcesBuildPhase;
			buildActionMask = 2147483647;
			files = (
				BD2992191D158794005E1E7E /* LaunchScreen.storyboard in Resources */,
				BD2992161D158794005E1E7E /* Assets.xcassets in Resources */,
				BD2992141D158794005E1E7E /* Main.storyboard in Resources */,
			);
			runOnlyForDeploymentPostprocessing = 0;
		};
/* End PBXResourcesBuildPhase section */

/* Begin PBXSourcesBuildPhase section */
		BD2992071D158794005E1E7E /* Sources */ = {
			isa = PBXSourcesBuildPhase;
			buildActionMask = 2147483647;
			files = (
				BD2992111D158794005E1E7E /* ViewController.swift in Sources */,
				BD29920F1D158794005E1E7E /* AppDelegate.swift in Sources */,
			);
			runOnlyForDeploymentPostprocessing = 0;
		};
/* End PBXSourcesBuildPhase section */

/* Begin PBXVariantGroup section */
		BD2992121D158794005E1E7E /* Main.storyboard */ = {
			isa = PBXVariantGroup;
			children = (
				BD2992131D158794005E1E7E /* Base */,
			);
			name = Main.storyboard;
			sourceTree = "<group>";
		};
		BD2992171D158794005E1E7E /* LaunchScreen.storyboard */ = {
			isa = PBXVariantGroup;
			children = (
				BD2992181D158794005E1E7E /* Base */,
			);
			name = LaunchScreen.storyboard;
			sourceTree = "<group>";
		};
/* End PBXVariantGroup section */

/* Begin XCBuildConfiguration section */
		BD29921B1D158794005E1E7E /* Debug */ = {
			isa = XCBuildConfiguration;
			buildSettings = {
				ALWAYS_SEARCH_USER_PATHS = NO;
				CLANG_ANALYZER_NONNULL = YES;
				CLANG_CXX_LANGUAGE_STANDARD = "gnu++0x";
				CLANG_CXX_LIBRARY = "libc++";
				CLANG_ENABLE_MODULES = YES;
				CLANG_ENABLE_OBJC_ARC = YES;
				CLANG_WARN_BOOL_CONVERSION = YES;
				CLANG_WARN_CONSTANT_CONVERSION = YES;
				CLANG_WARN_DIRECT_OBJC_ISA_USAGE = YES_ERROR;
				CLANG_WARN_EMPTY_BODY = YES;
				CLANG_WARN_ENUM_CONVERSION = YES;
				CLANG_WARN_INT_CONVERSION = YES;
				CLANG_WARN_OBJC_ROOT_CLASS = YES_ERROR;
				CLANG_WARN_UNREACHABLE_CODE = YES;
				CLANG_WARN__DUPLICATE_METHOD_MATCH = YES;
				"CODE_SIGN_IDENTITY[sdk=iphoneos*]" = "iPhone Developer";
				COPY_PHASE_STRIP = NO;
				DEBUG_INFORMATION_FORMAT = dwarf;
				ENABLE_STRICT_OBJC_MSGSEND = YES;
				ENABLE_TESTABILITY = YES;
				GCC_C_LANGUAGE_STANDARD = gnu99;
				GCC_DYNAMIC_NO_PIC = NO;
				GCC_NO_COMMON_BLOCKS = YES;
				GCC_OPTIMIZATION_LEVEL = 0;
				GCC_PREPROCESSOR_DEFINITIONS = (
					"DEBUG=1",
					"$(inherited)",
				);
				GCC_WARN_64_TO_32_BIT_CONVERSION = YES;
				GCC_WARN_ABOUT_RETURN_TYPE = YES_ERROR;
				GCC_WARN_UNDECLARED_SELECTOR = YES;
				GCC_WARN_UNINITIALIZED_AUTOS = YES_AGGRESSIVE;
				GCC_WARN_UNUSED_FUNCTION = YES;
				GCC_WARN_UNUSED_VARIABLE = YES;
				IPHONEOS_DEPLOYMENT_TARGET = 9.3;
				MTL_ENABLE_DEBUG_INFO = YES;
				ONLY_ACTIVE_ARCH = YES;
				SDKROOT = iphoneos;
				SWIFT_OPTIMIZATION_LEVEL = "-Onone";
			};
			name = Debug;
		};
		BD29921C1D158794005E1E7E /* Release */ = {
			isa = XCBuildConfiguration;
			buildSettings = {
				ALWAYS_SEARCH_USER_PATHS = NO;
				CLANG_ANALYZER_NONNULL = YES;
				CLANG_CXX_LANGUAGE_STANDARD = "gnu++0x";
				CLANG_CXX_LIBRARY = "libc++";
				CLANG_ENABLE_MODULES = YES;
				CLANG_ENABLE_OBJC_ARC = YES;
				CLANG_WARN_BOOL_CONVERSION = YES;
				CLANG_WARN_CONSTANT_CONVERSION = YES;
				CLANG_WARN_DIRECT_OBJC_ISA_USAGE = YES_ERROR;
				CLANG_WARN_EMPTY_BODY = YES;
				CLANG_WARN_ENUM_CONVERSION = YES;
				CLANG_WARN_INT_CONVERSION = YES;
				CLANG_WARN_OBJC_ROOT_CLASS = YES_ERROR;
				CLANG_WARN_UNREACHABLE_CODE = YES;
				CLANG_WARN__DUPLICATE_METHOD_MATCH = YES;
				"CODE_SIGN_IDENTITY[sdk=iphoneos*]" = "iPhone Developer";
				COPY_PHASE_STRIP = NO;
				DEBUG_INFORMATION_FORMAT = "dwarf-with-dsym";
				ENABLE_NS_ASSERTIONS = NO;
				ENABLE_STRICT_OBJC_MSGSEND = YES;
				GCC_C_LANGUAGE_STANDARD = gnu99;
				GCC_NO_COMMON_BLOCKS = YES;
				GCC_WARN_64_TO_32_BIT_CONVERSION = YES;
				GCC_WARN_ABOUT_RETURN_TYPE = YES_ERROR;
				GCC_WARN_UNDECLARED_SELECTOR = YES;
				GCC_WARN_UNINITIALIZED_AUTOS = YES_AGGRESSIVE;
				GCC_WARN_UNUSED_FUNCTION = YES;
				GCC_WARN_UNUSED_VARIABLE = YES;
				IPHONEOS_DEPLOYMENT_TARGET = 9.3;
				MTL_ENABLE_DEBUG_INFO = NO;
				SDKROOT = iphoneos;
				VALIDATE_PRODUCT = YES;
			};
			name = Release;
		};
		BD29921E1D158794005E1E7E /* Debug */ = {
			isa = XCBuildConfiguration;
			buildSettings = {
				ASSETCATALOG_COMPILER_APPICON_NAME = AppIcon;
				INFOPLIST_FILE = BackgroundFetcher/Info.plist;
				LD_RUNPATH_SEARCH_PATHS = "$(inherited) @executable_path/Frameworks";
				PRODUCT_BUNDLE_IDENTIFIER = jp.co.toosaa.BackgroundFetcher;
				PRODUCT_NAME = "$(TARGET_NAME)";
			};
			name = Debug;
		};
		BD29921F1D158794005E1E7E /* Release */ = {
			isa = XCBuildConfiguration;
			buildSettings = {
				ASSETCATALOG_COMPILER_APPICON_NAME = AppIcon;
				INFOPLIST_FILE = BackgroundFetcher/Info.plist;
				LD_RUNPATH_SEARCH_PATHS = "$(inherited) @executable_path/Frameworks";
				PRODUCT_BUNDLE_IDENTIFIER = jp.co.toosaa.BackgroundFetcher;
				PRODUCT_NAME = "$(TARGET_NAME)";
			};
			name = Release;
		};
/* End XCBuildConfiguration section */

/* Begin XCConfigurationList section */
		BD2992061D158794005E1E7E /* Build configuration list for PBXProject "BackgroundFetcher" */ = {
			isa = XCConfigurationList;
			buildConfigurations = (
				BD29921B1D158794005E1E7E /* Debug */,
				BD29921C1D158794005E1E7E /* Release */,
			);
			defaultConfigurationIsVisible = 0;
			defaultConfigurationName = Release;
		};
		BD29921D1D158794005E1E7E /* Build configuration list for PBXNativeTarget "BackgroundFetcher" */ = {
			isa = XCConfigurationList;
			buildConfigurations = (
				BD29921E1D158794005E1E7E /* Debug */,
				BD29921F1D158794005E1E7E /* Release */,
			);
			defaultConfigurationIsVisible = 0;
		};
/* End XCConfigurationList section */
	};
	rootObject = BD2992031D158794005E1E7E /* Project object */;
}
